
Microsoft Visual Studio Solution File, Format Version 12.00
# Visual Studio Version 16
VisualStudioVersion = 16.0.31424.327
MinimumVisualStudioVersion = 10.0.40219.1
Project("{9A19103F-16F7-4668-BE54-9A1E7A4F7556}") = "API", "API\API.csproj", "{D6C5174E-8818-457F-987F-405FCBE5F996}"
EndProject
Project("{9A19103F-16F7-4668-BE54-9A1E7A4F7556}") = "Application", "Application\Application.csproj", "{0E8C0A35-DD02-4858-8590-907DB3AC3BD8}"
EndProject
Project("{9A19103F-16F7-4668-BE54-9A1E7A4F7556}") = "ApplicationShared", "ApplicationShared\ApplicationShared.csproj", "{31407A38-2CD4-45E8-8EB0-F399AE525C64}"
EndProject
Project("{9A19103F-16F7-4668-BE54-9A1E7A4F7556}") = "Domain", "Domain\Domain.csproj", "{93115A48-39D3-42B0-9E9A-CB38CD96F9CB}"
EndProject
Project("{9A19103F-16F7-4668-BE54-9A1E7A4F7556}") = "Persistence", "Persistence\Persistence.csproj", "{582E10A1-B0C0-4A2C-9C51-CB81A2835BA2}"
EndProject
Project("{9A19103F-16F7-4668-BE54-9A1E7A4F7556}") = "ApplicationTests", "dotnetcoreAppTests\ApplicationTests.csproj", "{01919CF6-3F55-4BF6-8922-7197CD8F90C4}"
EndProject
Project("{2150E333-8FDC-42A3-9474-1A3956D46DE8}") = "test", "test", "{3DD023DB-37A7-4D72-9F50-B890DF72F7B6}"
EndProject
Project("{9A19103F-16F7-4668-BE54-9A1E7A4F7556}") = "Factories", "Factories\Factories.csproj", "{CB256BA7-AB55-4931-A5BF-B98CAC1BCEB4}"
EndProject
Project("{9A19103F-16F7-4668-BE54-9A1E7A4F7556}") = "Models", "Models\Models.csproj", "{E7CB11D1-F469-43A1-A544-C13370303BCE}"
EndProject
Project("{9A19103F-16F7-4668-BE54-9A1E7A4F7556}") = "Common", "Common\Common.csproj", "{7D2CE32E-A62B-495E-8BC4-A808DCD78150}"
EndProject
Project("{9A19103F-16F7-4668-BE54-9A1E7A4F7556}") = "Core", "Core\Core.csproj", "{C217BE44-1B63-4040-BB26-690828A64A46}"
EndProject
Project("{9A19103F-16F7-4668-BE54-9A1E7A4F7556}") = "Validations", "Validations\Validations.csproj", "{7AFEF12F-5A00-442F-9E92-B3A406E6156E}"
EndProject
Project("{2150E333-8FDC-42A3-9474-1A3956D46DE8}") = "src", "src", "{8AFFC07A-5B41-4018-BB6B-120B2E2B94D7}"
EndProject
Project("{FAE04EC0-301F-11D3-BF4B-00C04F79EFBC}") = "FactoriesTest", "FactoriesTest\FactoriesTest.csproj", "{4718DAAF-D451-4219-A30A-5766D8FDA928}"
EndProject
Global
	GlobalSection(SolutionConfigurationPlatforms) = preSolution
		Debug|Any CPU = Debug|Any CPU
		Release|Any CPU = Release|Any CPU
	EndGlobalSection
	GlobalSection(ProjectConfigurationPlatforms) = postSolution
		{D6C5174E-8818-457F-987F-405FCBE5F996}.Debug|Any CPU.ActiveCfg = Debug|Any CPU
		{D6C5174E-8818-457F-987F-405FCBE5F996}.Debug|Any CPU.Build.0 = Debug|Any CPU
		{D6C5174E-8818-457F-987F-405FCBE5F996}.Release|Any CPU.ActiveCfg = Release|Any CPU
		{D6C5174E-8818-457F-987F-405FCBE5F996}.Release|Any CPU.Build.0 = Release|Any CPU
		{0E8C0A35-DD02-4858-8590-907DB3AC3BD8}.Debug|Any CPU.ActiveCfg = Debug|Any CPU
		{0E8C0A35-DD02-4858-8590-907DB3AC3BD8}.Debug|Any CPU.Build.0 = Debug|Any CPU
		{0E8C0A35-DD02-4858-8590-907DB3AC3BD8}.Release|Any CPU.ActiveCfg = Release|Any CPU
		{0E8C0A35-DD02-4858-8590-907DB3AC3BD8}.Release|Any CPU.Build.0 = Release|Any CPU
		{31407A38-2CD4-45E8-8EB0-F399AE525C64}.Debug|Any CPU.ActiveCfg = Debug|Any CPU
		{31407A38-2CD4-45E8-8EB0-F399AE525C64}.Debug|Any CPU.Build.0 = Debug|Any CPU
		{31407A38-2CD4-45E8-8EB0-F399AE525C64}.Release|Any CPU.ActiveCfg = Release|Any CPU
		{31407A38-2CD4-45E8-8EB0-F399AE525C64}.Release|Any CPU.Build.0 = Release|Any CPU
		{93115A48-39D3-42B0-9E9A-CB38CD96F9CB}.Debug|Any CPU.ActiveCfg = Debug|Any CPU
		{93115A48-39D3-42B0-9E9A-CB38CD96F9CB}.Debug|Any CPU.Build.0 = Debug|Any CPU
		{93115A48-39D3-42B0-9E9A-CB38CD96F9CB}.Release|Any CPU.ActiveCfg = Release|Any CPU
		{93115A48-39D3-42B0-9E9A-CB38CD96F9CB}.Release|Any CPU.Build.0 = Release|Any CPU
		{582E10A1-B0C0-4A2C-9C51-CB81A2835BA2}.Debug|Any CPU.ActiveCfg = Debug|Any CPU
		{582E10A1-B0C0-4A2C-9C51-CB81A2835BA2}.Debug|Any CPU.Build.0 = Debug|Any CPU
		{582E10A1-B0C0-4A2C-9C51-CB81A2835BA2}.Release|Any CPU.ActiveCfg = Release|Any CPU
		{582E10A1-B0C0-4A2C-9C51-CB81A2835BA2}.Release|Any CPU.Build.0 = Release|Any CPU
		{01919CF6-3F55-4BF6-8922-7197CD8F90C4}.Debug|Any CPU.ActiveCfg = Debug|Any CPU
		{01919CF6-3F55-4BF6-8922-7197CD8F90C4}.Debug|Any CPU.Build.0 = Debug|Any CPU
		{01919CF6-3F55-4BF6-8922-7197CD8F90C4}.Release|Any CPU.ActiveCfg = Release|Any CPU
		{01919CF6-3F55-4BF6-8922-7197CD8F90C4}.Release|Any CPU.Build.0 = Release|Any CPU
		{CB256BA7-AB55-4931-A5BF-B98CAC1BCEB4}.Debug|Any CPU.ActiveCfg = Debug|Any CPU
		{CB256BA7-AB55-4931-A5BF-B98CAC1BCEB4}.Debug|Any CPU.Build.0 = Debug|Any CPU
		{CB256BA7-AB55-4931-A5BF-B98CAC1BCEB4}.Release|Any CPU.ActiveCfg = Release|Any CPU
		{CB256BA7-AB55-4931-A5BF-B98CAC1BCEB4}.Release|Any CPU.Build.0 = Release|Any CPU
		{E7CB11D1-F469-43A1-A544-C13370303BCE}.Debug|Any CPU.ActiveCfg = Debug|Any CPU
		{E7CB11D1-F469-43A1-A544-C13370303BCE}.Debug|Any CPU.Build.0 = Debug|Any CPU
		{E7CB11D1-F469-43A1-A544-C13370303BCE}.Release|Any CPU.ActiveCfg = Release|Any CPU
		{E7CB11D1-F469-43A1-A544-C13370303BCE}.Release|Any CPU.Build.0 = Release|Any CPU
		{7D2CE32E-A62B-495E-8BC4-A808DCD78150}.Debug|Any CPU.ActiveCfg = Debug|Any CPU
		{7D2CE32E-A62B-495E-8BC4-A808DCD78150}.Debug|Any CPU.Build.0 = Debug|Any CPU
		{7D2CE32E-A62B-495E-8BC4-A808DCD78150}.Release|Any CPU.ActiveCfg = Release|Any CPU
		{7D2CE32E-A62B-495E-8BC4-A808DCD78150}.Release|Any CPU.Build.0 = Release|Any CPU
		{C217BE44-1B63-4040-BB26-690828A64A46}.Debug|Any CPU.ActiveCfg = Debug|Any CPU
		{C217BE44-1B63-4040-BB26-690828A64A46}.Debug|Any CPU.Build.0 = Debug|Any CPU
		{C217BE44-1B63-4040-BB26-690828A64A46}.Release|Any CPU.ActiveCfg = Release|Any CPU
		{C217BE44-1B63-4040-BB26-690828A64A46}.Release|Any CPU.Build.0 = Release|Any CPU
		{7AFEF12F-5A00-442F-9E92-B3A406E6156E}.Debug|Any CPU.ActiveCfg = Debug|Any CPU
		{7AFEF12F-5A00-442F-9E92-B3A406E6156E}.Debug|Any CPU.Build.0 = Debug|Any CPU
		{7AFEF12F-5A00-442F-9E92-B3A406E6156E}.Release|Any CPU.ActiveCfg = Release|Any CPU
		{7AFEF12F-5A00-442F-9E92-B3A406E6156E}.Release|Any CPU.Build.0 = Release|Any CPU
		{4718DAAF-D451-4219-A30A-5766D8FDA928}.Debug|Any CPU.ActiveCfg = Debug|Any CPU
		{4718DAAF-D451-4219-A30A-5766D8FDA928}.Debug|Any CPU.Build.0 = Debug|Any CPU
		{4718DAAF-D451-4219-A30A-5766D8FDA928}.Release|Any CPU.ActiveCfg = Release|Any CPU
		{4718DAAF-D451-4219-A30A-5766D8FDA928}.Release|Any CPU.Build.0 = Release|Any CPU
	EndGlobalSection
	GlobalSection(SolutionProperties) = preSolution
		HideSolutionNode = FALSE
	EndGlobalSection
	GlobalSection(NestedProjects) = preSolution
		{D6C5174E-8818-457F-987F-405FCBE5F996} = {8AFFC07A-5B41-4018-BB6B-120B2E2B94D7}
		{0E8C0A35-DD02-4858-8590-907DB3AC3BD8} = {8AFFC07A-5B41-4018-BB6B-120B2E2B94D7}
		{31407A38-2CD4-45E8-8EB0-F399AE525C64} = {8AFFC07A-5B41-4018-BB6B-120B2E2B94D7}
		{93115A48-39D3-42B0-9E9A-CB38CD96F9CB} = {8AFFC07A-5B41-4018-BB6B-120B2E2B94D7}
		{582E10A1-B0C0-4A2C-9C51-CB81A2835BA2} = {8AFFC07A-5B41-4018-BB6B-120B2E2B94D7}
		{01919CF6-3F55-4BF6-8922-7197CD8F90C4} = {3DD023DB-37A7-4D72-9F50-B890DF72F7B6}
		{CB256BA7-AB55-4931-A5BF-B98CAC1BCEB4} = {8AFFC07A-5B41-4018-BB6B-120B2E2B94D7}
		{E7CB11D1-F469-43A1-A544-C13370303BCE} = {8AFFC07A-5B41-4018-BB6B-120B2E2B94D7}
		{7D2CE32E-A62B-495E-8BC4-A808DCD78150} = {8AFFC07A-5B41-4018-BB6B-120B2E2B94D7}
		{C217BE44-1B63-4040-BB26-690828A64A46} = {8AFFC07A-5B41-4018-BB6B-120B2E2B94D7}
		{7AFEF12F-5A00-442F-9E92-B3A406E6156E} = {8AFFC07A-5B41-4018-BB6B-120B2E2B94D7}
		{4718DAAF-D451-4219-A30A-5766D8FDA928} = {3DD023DB-37A7-4D72-9F50-B890DF72F7B6}
	EndGlobalSection
	GlobalSection(ExtensibilityGlobals) = postSolution
		SolutionGuid = {0650EB35-A5C3-4476-9830-98B9450BBB43}
	EndGlobalSection
EndGlobal
